{
  "nodes": {
    "dream2nix": {
      "flake": false,
      "locked": {
        "lastModified": 1698228714,
        "narHash": "sha256-jgr4BRA1X1LWY67F9tQR8MRY5HSwK76RsMll0lVz5rU=",
        "owner": "nix-community",
        "repo": "dream2nix",
        "rev": "a900b3a332e36cf7a112283fdd1833b8311f9dda",
        "type": "github"
      },
      "original": {
        "owner": "nix-community",
        "repo": "dream2nix",
        "type": "github"
      }
    },
    "flake-utils": {
      "inputs": {
        "systems": "systems"
      },
      "locked": {
        "lastModified": 1694529238,
        "narHash": "sha256-zsNZZGTGnMOf9YpHKJqMSsa0dXbfmxeoJ7xHlrt+xmY=",
        "owner": "numtide",
        "repo": "flake-utils",
        "rev": "ff7b65b44d01cf9ba6a71320833626af21126384",
        "type": "github"
      },
      "original": {
        "owner": "numtide",
        "repo": "flake-utils",
        "type": "github"
      }
    },
    "nixpkgs": {
      "locked": {
        "lastModified": 1698266953,
        "narHash": "sha256-jf72t7pC8+8h8fUslUYbWTX5rKsRwOzRMX8jJsGqDXA=",
        "owner": "NixOS",
        "repo": "nixpkgs",
        "rev": "75a52265bda7fd25e06e3a67dee3f0354e73243c",
        "type": "github"
      },
      "original": {
        "owner": "NixOS",
        "ref": "nixpkgs-unstable",
        "repo": "nixpkgs",
        "type": "github"
      }
    },
    "root": {
      "inputs": {
        "dream2nix": "dream2nix",
        "flake-utils": "flake-utils",
        "nixpkgs": "nixpkgs"
      }
    },
    "systems": {
      "locked": {
        "lastModified": 1681028828,
        "narHash": "sha256-Vy1rq5AaRuLzOxct8nz4T6wlgyUR7zLU309k9mBC768=",
        "owner": "nix-systems",
        "repo": "default",
        "rev": "da67096a3b9bf56a91d16901293e51ba5b49a27e",
        "type": "github"
      },
      "original": {
        "owner": "nix-systems",
        "repo": "default",
        "type": "github"
      }
    }
  },
  "root": "root",
  "version": 7
}
